PODS:
  - TALMediator (3.0.0):
    - TALMediator/Categary (= 3.0.0)
  - TALMediator/Categary (3.0.0)

DEPENDENCIES:
  - TALMediator (from `../`)

EXTERNAL SOURCES:
  TALMediator:
    :path: "../"

SPEC CHECKSUMS:
  TALMediator: 934998854c79aaf4186c7f2c63e6624720457607

PODFILE CHECKSUM: b3e1c9c14efdeb16dda14cee9a30c1e96d213558

COCOAPODS: 1.8.4
